
Microsoft Visual Studio Solution File, Format Version 12.00
# Visual Studio 15
VisualStudioVersion = 15.0.28307.421
MinimumVisualStudioVersion = 10.0.40219.1
Project("{FAE04EC0-301F-11D3-BF4B-00C04F79EFBC}") = "StringCalculator", "StringCalculator\StringCalculator.csproj", "{B6F797DD-6996-461B-B54C-BDF76C4C3D79}"
EndProject
Project("{2150E333-8FDC-42A3-9474-1A3956D46DE8}") = "Solution Items", "Solution Items", "{72DA186E-6905-49B0-A855-B61908AAF7C9}"
	ProjectSection(SolutionItems) = preProject
		CodingTest.txt = CodingTest.txt
	EndProjectSection
EndProject
Project("{FAE04EC0-301F-11D3-BF4B-00C04F79EFBC}") = "StringCalculatorUnitTest", "StringCalculatorUnitTest\StringCalculatorUnitTest.csproj", "{77A16626-CE54-4002-905C-41237F542D68}"
EndProject
Global
	GlobalSection(SolutionConfigurationPlatforms) = preSolution
		Debug|Any CPU = Debug|Any CPU
		Release|Any CPU = Release|Any CPU
	EndGlobalSection
	GlobalSection(ProjectConfigurationPlatforms) = postSolution
		{B6F797DD-6996-461B-B54C-BDF76C4C3D79}.Debug|Any CPU.ActiveCfg = Debug|Any CPU
		{B6F797DD-6996-461B-B54C-BDF76C4C3D79}.Debug|Any CPU.Build.0 = Debug|Any CPU
		{B6F797DD-6996-461B-B54C-BDF76C4C3D79}.Release|Any CPU.ActiveCfg = Release|Any CPU
		{B6F797DD-6996-461B-B54C-BDF76C4C3D79}.Release|Any CPU.Build.0 = Release|Any CPU
		{77A16626-CE54-4002-905C-41237F542D68}.Debug|Any CPU.ActiveCfg = Debug|Any CPU
		{77A16626-CE54-4002-905C-41237F542D68}.Debug|Any CPU.Build.0 = Debug|Any CPU
		{77A16626-CE54-4002-905C-41237F542D68}.Release|Any CPU.ActiveCfg = Release|Any CPU
		{77A16626-CE54-4002-905C-41237F542D68}.Release|Any CPU.Build.0 = Release|Any CPU
	EndGlobalSection
	GlobalSection(SolutionProperties) = preSolution
		HideSolutionNode = FALSE
	EndGlobalSection
	GlobalSection(ExtensibilityGlobals) = postSolution
		SolutionGuid = {C15946F2-066C-4E1D-9C26-9607FEE9363F}
	EndGlobalSection
EndGlobal
